
Microsoft Visual Studio Solution File, Format Version 12.00
# Visual Studio Version 16
VisualStudioVersion = 16.0.31515.178
MinimumVisualStudioVersion = 10.0.40219.1
Project("{9A19103F-16F7-4668-BE54-9A1E7A4F7556}") = "SwapApp.Entities", "SwapApp.Entities\SwapApp.Entities.csproj", "{83B7E8BC-CC6A-44C0-9299-E443C57A1DE0}"
EndProject
Project("{FAE04EC0-301F-11D3-BF4B-00C04F79EFBC}") = "SwapApp.DataAccess", "SwapApp.DataAccess\SwapApp.DataAccess.csproj", "{809A9AFB-60CA-4174-BA6B-80B9A749AA22}"
EndProject
Global
	GlobalSection(SolutionConfigurationPlatforms) = preSolution
		Debug|Any CPU = Debug|Any CPU
		Release|Any CPU = Release|Any CPU
	EndGlobalSection
	GlobalSection(ProjectConfigurationPlatforms) = postSolution
		{83B7E8BC-CC6A-44C0-9299-E443C57A1DE0}.Debug|Any CPU.ActiveCfg = Debug|Any CPU
		{83B7E8BC-CC6A-44C0-9299-E443C57A1DE0}.Debug|Any CPU.Build.0 = Debug|Any CPU
		{83B7E8BC-CC6A-44C0-9299-E443C57A1DE0}.Release|Any CPU.ActiveCfg = Release|Any CPU
		{83B7E8BC-CC6A-44C0-9299-E443C57A1DE0}.Release|Any CPU.Build.0 = Release|Any CPU
		{809A9AFB-60CA-4174-BA6B-80B9A749AA22}.Debug|Any CPU.ActiveCfg = Debug|Any CPU
		{809A9AFB-60CA-4174-BA6B-80B9A749AA22}.Debug|Any CPU.Build.0 = Debug|Any CPU
		{809A9AFB-60CA-4174-BA6B-80B9A749AA22}.Release|Any CPU.ActiveCfg = Release|Any CPU
		{809A9AFB-60CA-4174-BA6B-80B9A749AA22}.Release|Any CPU.Build.0 = Release|Any CPU
	EndGlobalSection
	GlobalSection(SolutionProperties) = preSolution
		HideSolutionNode = FALSE
	EndGlobalSection
	GlobalSection(ExtensibilityGlobals) = postSolution
		SolutionGuid = {D702A33F-DFD5-4693-9822-804578E39AAE}
	EndGlobalSection
EndGlobal
